
Microsoft Visual Studio Solution File, Format Version 12.00
# Visual Studio Version 17
VisualStudioVersion = 17.13.35825.156 d17.13
MinimumVisualStudioVersion = 10.0.40219.1
Project("{FAE04EC0-301F-11D3-BF4B-00C04F79EFBC}") = "AspDotNetMVCSnippet", "AspDotNetMVCSnippet.csproj", "{C60BD98E-F53B-4376-AA19-4322BB9C4777}"
EndProject
Global
	GlobalSection(SolutionConfigurationPlatforms) = preSolution
		Debug|Any CPU = Debug|Any CPU
		Release|Any CPU = Release|Any CPU
	EndGlobalSection
	GlobalSection(ProjectConfigurationPlatforms) = postSolution
		{C60BD98E-F53B-4376-AA19-4322BB9C4777}.Debug|Any CPU.ActiveCfg = Debug|Any CPU
		{C60BD98E-F53B-4376-AA19-4322BB9C4777}.Debug|Any CPU.Build.0 = Debug|Any CPU
		{C60BD98E-F53B-4376-AA19-4322BB9C4777}.Release|Any CPU.ActiveCfg = Release|Any CPU
		{C60BD98E-F53B-4376-AA19-4322BB9C4777}.Release|Any CPU.Build.0 = Release|Any CPU
	EndGlobalSection
	GlobalSection(SolutionProperties) = preSolution
		HideSolutionNode = FALSE
	EndGlobalSection
	GlobalSection(ExtensibilityGlobals) = postSolution
		SolutionGuid = {0F0A0692-D492-4D95-9B62-B6A90E32274C}
	EndGlobalSection
EndGlobal
